// !$*UTF8*$!
{
	archiveVersion = 1;
	classes = {
	};
	objectVersion = 46;
	objects = {

/* Begin PBXBuildFile section */
		F3C1657A1B766A3F00395F6F /* AppDelegate.swift in Sources */ = {isa = PBXBuildFile; fileRef = F3C165791B766A3F00395F6F /* AppDelegate.swift */; };
		F3C1657C1B766A3F00395F6F /* ViewController.swift in Sources */ = {isa = PBXBuildFile; fileRef = F3C1657B1B766A3F00395F6F /* ViewController.swift */; };
		F3C1657F1B766A3F00395F6F /* Main.storyboard in Resources */ = {isa = PBXBuildFile; fileRef = F3C1657D1B766A3F00395F6F /* Main.storyboard */; };
		F3C165811B766A3F00395F6F /* Images.xcassets in Resources */ = {isa = PBXBuildFile; fileRef = F3C165801B766A3F00395F6F /* Images.xcassets */; };
		F3C165841B766A3F00395F6F /* LaunchScreen.xib in Resources */ = {isa = PBXBuildFile; fileRef = F3C165821B766A3F00395F6F /* LaunchScreen.xib */; };
		F3C165901B766A3F00395F6F /* Pitch_PerfectTests.swift in Sources */ = {isa = PBXBuildFile; fileRef = F3C1658F1B766A3F00395F6F /* Pitch_PerfectTests.swift */; };
/* End PBXBuildFile section */

/* Begin PBXContainerItemProxy section */
		F3C1658A1B766A3F00395F6F /* PBXContainerItemProxy */ = {
			isa = PBXContainerItemProxy;
			containerPortal = F3C1656C1B766A3F00395F6F /* Project object */;
			proxyType = 1;
			remoteGlobalIDString = F3C165731B766A3F00395F6F;
			remoteInfo = "Pitch Perfect";
		};
/* End PBXContainerItemProxy section */

/* Begin PBXFileReference section */
		F3C165741B766A3F00395F6F /* Pitch Perfect.app */ = {isa = PBXFileReference; explicitFileType = wrapper.application; includeInIndex = 0; path = "Pitch Perfect.app"; sourceTree = BUILT_PRODUCTS_DIR; };
		F3C165781B766A3F00395F6F /* Info.plist */ = {isa = PBXFileReference; lastKnownFileType = text.plist.xml; path = Info.plist; sourceTree = "<group>"; };
		F3C165791B766A3F00395F6F /* AppDelegate.swift */ = {isa = PBXFileReference; lastKnownFileType = sourcecode.swift; path = AppDelegate.swift; sourceTree = "<group>"; };
		F3C1657B1B766A3F00395F6F /* ViewController.swift */ = {isa = PBXFileReference; lastKnownFileType = sourcecode.swift; path = ViewController.swift; sourceTree = "<group>"; };
		F3C1657E1B766A3F00395F6F /* Base */ = {isa = PBXFileReference; lastKnownFileType = file.storyboard; name = Base; path = Base.lproj/Main.storyboard; sourceTree = "<group>"; };
		F3C165801B766A3F00395F6F /* Images.xcassets */ = {isa = PBXFileReference; lastKnownFileType = folder.assetcatalog; path = Images.xcassets; sourceTree = "<group>"; };
		F3C165831B766A3F00395F6F /* Base */ = {isa = PBXFileReference; lastKnownFileType = file.xib; name = Base; path = Base.lproj/LaunchScreen.xib; sourceTree = "<group>"; };
		F3C165891B766A3F00395F6F /* Pitch PerfectTests.xctest */ = {isa = PBXFileReference; explicitFileType = wrapper.cfbundle; includeInIndex = 0; path = "Pitch PerfectTests.xctest"; sourceTree = BUILT_PRODUCTS_DIR; };
		F3C1658E1B766A3F00395F6F /* Info.plist */ = {isa = PBXFileReference; lastKnownFileType = text.plist.xml; path = Info.plist; sourceTree = "<group>"; };
		F3C1658F1B766A3F00395F6F /* Pitch_PerfectTests.swift */ = {isa = PBXFileReference; lastKnownFileType = sourcecode.swift; path = Pitch_PerfectTests.swift; sourceTree = "<group>"; };
/* End PBXFileReference section */

/* Begin PBXFrameworksBuildPhase section */
		F3C165711B766A3F00395F6F /* Frameworks */ = {
			isa = PBXFrameworksBuildPhase;
			buildActionMask = 2147483647;
			files = (
			);
			runOnlyForDeploymentPostprocessing = 0;
		};
		F3C165861B766A3F00395F6F /* Frameworks */ = {
			isa = PBXFrameworksBuildPhase;
			buildActionMask = 2147483647;
			files = (
			);
			runOnlyForDeploymentPostprocessing = 0;
		};
/* End PBXFrameworksBuildPhase section */

/* Begin PBXGroup section */
		F3C1656B1B766A3F00395F6F = {
			isa = PBXGroup;
			children = (
				F3C165761B766A3F00395F6F /* Pitch Perfect */,
				F3C1658C1B766A3F00395F6F /* Pitch PerfectTests */,
				F3C165751B766A3F00395F6F /* Products */,
			);
			sourceTree = "<group>";
		};
		F3C165751B766A3F00395F6F /* Products */ = {
			isa = PBXGroup;
			children = (
				F3C165741B766A3F00395F6F /* Pitch Perfect.app */,
				F3C165891B766A3F00395F6F /* Pitch PerfectTests.xctest */,
			);
			name = Products;
			sourceTree = "<group>";
		};
		F3C165761B766A3F00395F6F /* Pitch Perfect */ = {
			isa = PBXGroup;
			children = (
				F3C165791B766A3F00395F6F /* AppDelegate.swift */,
				F3C1657B1B766A3F00395F6F /* ViewController.swift */,
				F3C1657D1B766A3F00395F6F /* Main.storyboard */,
				F3C165801B766A3F00395F6F /* Images.xcassets */,
				F3C165821B766A3F00395F6F /* LaunchScreen.xib */,
				F3C165771B766A3F00395F6F /* Supporting Files */,
			);
			path = "Pitch Perfect";
			sourceTree = "<group>";
		};
		F3C165771B766A3F00395F6F /* Supporting Files */ = {
			isa = PBXGroup;
			children = (
				F3C165781B766A3F00395F6F /* Info.plist */,
			);
			name = "Supporting Files";
			sourceTree = "<group>";
		};
		F3C1658C1B766A3F00395F6F /* Pitch PerfectTests */ = {
			isa = PBXGroup;
			children = (
				F3C1658F1B766A3F00395F6F /* Pitch_PerfectTests.swift */,
				F3C1658D1B766A3F00395F6F /* Supporting Files */,
			);
			path = "Pitch PerfectTests";
			sourceTree = "<group>";
		};
		F3C1658D1B766A3F00395F6F /* Supporting Files */ = {
			isa = PBXGroup;
			children = (
				F3C1658E1B766A3F00395F6F /* Info.plist */,
			);
			name = "Supporting Files";
			sourceTree = "<group>";
		};
/* End PBXGroup section */

/* Begin PBXNativeTarget section */
		F3C165731B766A3F00395F6F /* Pitch Perfect */ = {
			isa = PBXNativeTarget;
			buildConfigurationList = F3C165931B766A3F00395F6F /* Build configuration list for PBXNativeTarget "Pitch Perfect" */;
			buildPhases = (
				F3C165701B766A3F00395F6F /* Sources */,
				F3C165711B766A3F00395F6F /* Frameworks */,
				F3C165721B766A3F00395F6F /* Resources */,
			);
			buildRules = (
			);
			dependencies = (
			);
			name = "Pitch Perfect";
			productName = "Pitch Perfect";
			productReference = F3C165741B766A3F00395F6F /* Pitch Perfect.app */;
			productType = "com.apple.product-type.application";
		};
		F3C165881B766A3F00395F6F /* Pitch PerfectTests */ = {
			isa = PBXNativeTarget;
			buildConfigurationList = F3C165961B766A3F00395F6F /* Build configuration list for PBXNativeTarget "Pitch PerfectTests" */;
			buildPhases = (
				F3C165851B766A3F00395F6F /* Sources */,
				F3C165861B766A3F00395F6F /* Frameworks */,
				F3C165871B766A3F00395F6F /* Resources */,
			);
			buildRules = (
			);
			dependencies = (
				F3C1658B1B766A3F00395F6F /* PBXTargetDependency */,
			);
			name = "Pitch PerfectTests";
			productName = "Pitch PerfectTests";
			productReference = F3C165891B766A3F00395F6F /* Pitch PerfectTests.xctest */;
			productType = "com.apple.product-type.bundle.unit-test";
		};
/* End PBXNativeTarget section */

/* Begin PBXProject section */
		F3C1656C1B766A3F00395F6F /* Project object */ = {
			isa = PBXProject;
			attributes = {
				LastUpgradeCheck = 0640;
				ORGANIZATIONNAME = Scriptable;
				TargetAttributes = {
					F3C165731B766A3F00395F6F = {
						CreatedOnToolsVersion = 6.4;
					};
					F3C165881B766A3F00395F6F = {
						CreatedOnToolsVersion = 6.4;
						TestTargetID = F3C165731B766A3F00395F6F;
					};
				};
			};
			buildConfigurationList = F3C1656F1B766A3F00395F6F /* Build configuration list for PBXProject "Pitch Perfect" */;
			compatibilityVersion = "Xcode 3.2";
			developmentRegion = English;
			hasScannedForEncodings = 0;
			knownRegions = (
				en,
				Base,
			);
			mainGroup = F3C1656B1B766A3F00395F6F;
			productRefGroup = F3C165751B766A3F00395F6F /* Products */;
			projectDirPath = "";
			projectRoot = "";
			targets = (
				F3C165731B766A3F00395F6F /* Pitch Perfect */,
				F3C165881B766A3F00395F6F /* Pitch PerfectTests */,
			);
		};
/* End PBXProject section */

/* Begin PBXResourcesBuildPhase section */
		F3C165721B766A3F00395F6F /* Resources */ = {
			isa = PBXResourcesBuildPhase;
			buildActionMask = 2147483647;
			files = (
				F3C1657F1B766A3F00395F6F /* Main.storyboard in Resources */,
				F3C165841B766A3F00395F6F /* LaunchScreen.xib in Resources */,
				F3C165811B766A3F00395F6F /* Images.xcassets in Resources */,
			);
			runOnlyForDeploymentPostprocessing = 0;
		};
		F3C165871B766A3F00395F6F /* Resources */ = {
			isa = PBXResourcesBuildPhase;
			buildActionMask = 2147483647;
			files = (
			);
			runOnlyForDeploymentPostprocessing = 0;
		};
/* End PBXResourcesBuildPhase section */

/* Begin PBXSourcesBuildPhase section */
		F3C165701B766A3F00395F6F /* Sources */ = {
			isa = PBXSourcesBuildPhase;
			buildActionMask = 2147483647;
			files = (
				F3C1657C1B766A3F00395F6F /* ViewController.swift in Sources */,
				F3C1657A1B766A3F00395F6F /* AppDelegate.swift in Sources */,
			);
			runOnlyForDeploymentPostprocessing = 0;
		};
		F3C165851B766A3F00395F6F /* Sources */ = {
			isa = PBXSourcesBuildPhase;
			buildActionMask = 2147483647;
			files = (
				F3C165901B766A3F00395F6F /* Pitch_PerfectTests.swift in Sources */,
			);
			runOnlyForDeploymentPostprocessing = 0;
		};
/* End PBXSourcesBuildPhase section */

/* Begin PBXTargetDependency section */
		F3C1658B1B766A3F00395F6F /* PBXTargetDependency */ = {
			isa = PBXTargetDependency;
			target = F3C165731B766A3F00395F6F /* Pitch Perfect */;
			targetProxy = F3C1658A1B766A3F00395F6F /* PBXContainerItemProxy */;
		};
/* End PBXTargetDependency section */

/* Begin PBXVariantGroup section */
		F3C1657D1B766A3F00395F6F /* Main.storyboard */ = {
			isa = PBXVariantGroup;
			children = (
				F3C1657E1B766A3F00395F6F /* Base */,
			);
			name = Main.storyboard;
			sourceTree = "<group>";
		};
		F3C165821B766A3F00395F6F /* LaunchScreen.xib */ = {
			isa = PBXVariantGroup;
			children = (
				F3C165831B766A3F00395F6F /* Base */,
			);
			name = LaunchScreen.xib;
			sourceTree = "<group>";
		};
/* End PBXVariantGroup section */

/* Begin XCBuildConfiguration section */
		F3C165911B766A3F00395F6F /* Debug */ = {
			isa = XCBuildConfiguration;
			buildSettings = {
				ALWAYS_SEARCH_USER_PATHS = NO;
				CLANG_CXX_LANGUAGE_STANDARD = "gnu++0x";
				CLANG_CXX_LIBRARY = "libc++";
				CLANG_ENABLE_MODULES = YES;
				CLANG_ENABLE_OBJC_ARC = YES;
				CLANG_WARN_BOOL_CONVERSION = YES;
				CLANG_WARN_CONSTANT_CONVERSION = YES;
				CLANG_WARN_DIRECT_OBJC_ISA_USAGE = YES_ERROR;
				CLANG_WARN_EMPTY_BODY = YES;
				CLANG_WARN_ENUM_CONVERSION = YES;
				CLANG_WARN_INT_CONVERSION = YES;
				CLANG_WARN_OBJC_ROOT_CLASS = YES_ERROR;
				CLANG_WARN_UNREACHABLE_CODE = YES;
				CLANG_WARN__DUPLICATE_METHOD_MATCH = YES;
				"CODE_SIGN_IDENTITY[sdk=iphoneos*]" = "iPhone Developer";
				COPY_PHASE_STRIP = NO;
				DEBUG_INFORMATION_FORMAT = "dwarf-with-dsym";
				ENABLE_STRICT_OBJC_MSGSEND = YES;
				GCC_C_LANGUAGE_STANDARD = gnu99;
				GCC_DYNAMIC_NO_PIC = NO;
				GCC_NO_COMMON_BLOCKS = YES;
				GCC_OPTIMIZATION_LEVEL = 0;
				GCC_PREPROCESSOR_DEFINITIONS = (
					"DEBUG=1",
					"$(inherited)",
				);
				GCC_SYMBOLS_PRIVATE_EXTERN = NO;
				GCC_WARN_64_TO_32_BIT_CONVERSION = YES;
				GCC_WARN_ABOUT_RETURN_TYPE = YES_ERROR;
				GCC_WARN_UNDECLARED_SELECTOR = YES;
				GCC_WARN_UNINITIALIZED_AUTOS = YES_AGGRESSIVE;
				GCC_WARN_UNUSED_FUNCTION = YES;
				GCC_WARN_UNUSED_VARIABLE = YES;
				IPHONEOS_DEPLOYMENT_TARGET = 8.4;
				MTL_ENABLE_DEBUG_INFO = YES;
				ONLY_ACTIVE_ARCH = YES;
				SDKROOT = iphoneos;
				SWIFT_OPTIMIZATION_LEVEL = "-Onone";
			};
			name = Debug;
		};
		F3C165921B766A3F00395F6F /* Release */ = {
			isa = XCBuildConfiguration;
			buildSettings = {
				ALWAYS_SEARCH_USER_PATHS = NO;
				CLANG_CXX_LANGUAGE_STANDARD = "gnu++0x";
				CLANG_CXX_LIBRARY = "libc++";
				CLANG_ENABLE_MODULES = YES;
				CLANG_ENABLE_OBJC_ARC = YES;
				CLANG_WARN_BOOL_CONVERSION = YES;
				CLANG_WARN_CONSTANT_CONVERSION = YES;
				CLANG_WARN_DIRECT_OBJC_ISA_USAGE = YES_ERROR;
				CLANG_WARN_EMPTY_BODY = YES;
				CLANG_WARN_ENUM_CONVERSION = YES;
				CLANG_WARN_INT_CONVERSION = YES;
				CLANG_WARN_OBJC_ROOT_CLASS = YES_ERROR;
				CLANG_WARN_UNREACHABLE_CODE = YES;
				CLANG_WARN__DUPLICATE_METHOD_MATCH = YES;
				"CODE_SIGN_IDENTITY[sdk=iphoneos*]" = "iPhone Developer";
				COPY_PHASE_STRIP = NO;
				DEBUG_INFORMATION_FORMAT = "dwarf-with-dsym";
				ENABLE_NS_ASSERTIONS = NO;
				ENABLE_STRICT_OBJC_MSGSEND = YES;
				GCC_C_LANGUAGE_STANDARD = gnu99;
				GCC_NO_COMMON_BLOCKS = YES;
				GCC_WARN_64_TO_32_BIT_CONVERSION = YES;
				GCC_WARN_ABOUT_RETURN_TYPE = YES_ERROR;
				GCC_WARN_UNDECLARED_SELECTOR = YES;
				GCC_WARN_UNINITIALIZED_AUTOS = YES_AGGRESSIVE;
				GCC_WARN_UNUSED_FUNCTION = YES;
				GCC_WARN_UNUSED_VARIABLE = YES;
				IPHONEOS_DEPLOYMENT_TARGET = 8.4;
				MTL_ENABLE_DEBUG_INFO = NO;
				SDKROOT = iphoneos;
				VALIDATE_PRODUCT = YES;
			};
			name = Release;
		};
		F3C165941B766A3F00395F6F /* Debug */ = {
			isa = XCBuildConfiguration;
			buildSettings = {
				ASSETCATALOG_COMPILER_APPICON_NAME = AppIcon;
				INFOPLIST_FILE = "Pitch Perfect/Info.plist";
				LD_RUNPATH_SEARCH_PATHS = "$(inherited) @executable_path/Frameworks";
				PRODUCT_NAME = "$(TARGET_NAME)";
			};
			name = Debug;
		};
		F3C165951B766A3F00395F6F /* Release */ = {
			isa = XCBuildConfiguration;
			buildSettings = {
				ASSETCATALOG_COMPILER_APPICON_NAME = AppIcon;
				INFOPLIST_FILE = "Pitch Perfect/Info.plist";
				LD_RUNPATH_SEARCH_PATHS = "$(inherited) @executable_path/Frameworks";
				PRODUCT_NAME = "$(TARGET_NAME)";
			};
			name = Release;
		};
		F3C165971B766A3F00395F6F /* Debug */ = {
			isa = XCBuildConfiguration;
			buildSettings = {
				BUNDLE_LOADER = "$(TEST_HOST)";
				FRAMEWORK_SEARCH_PATHS = (
					"$(SDKROOT)/Developer/Library/Frameworks",
					"$(inherited)",
				);
				GCC_PREPROCESSOR_DEFINITIONS = (
					"DEBUG=1",
					"$(inherited)",
				);
				INFOPLIST_FILE = "Pitch PerfectTests/Info.plist";
				LD_RUNPATH_SEARCH_PATHS = "$(inherited) @executable_path/Frameworks @loader_path/Frameworks";
				PRODUCT_NAME = "$(TARGET_NAME)";
				TEST_HOST = "$(BUILT_PRODUCTS_DIR)/Pitch Perfect.app/Pitch Perfect";
			};
			name = Debug;
		};
		F3C165981B766A3F00395F6F /* Release */ = {
			isa = XCBuildConfiguration;
			buildSettings = {
				BUNDLE_LOADER = "$(TEST_HOST)";
				FRAMEWORK_SEARCH_PATHS = (
					"$(SDKROOT)/Developer/Library/Frameworks",
					"$(inherited)",
				);
				INFOPLIST_FILE = "Pitch PerfectTests/Info.plist";
				LD_RUNPATH_SEARCH_PATHS = "$(inherited) @executable_path/Frameworks @loader_path/Frameworks";
				PRODUCT_NAME = "$(TARGET_NAME)";
				TEST_HOST = "$(BUILT_PRODUCTS_DIR)/Pitch Perfect.app/Pitch Perfect";
			};
			name = Release;
		};
/* End XCBuildConfiguration section */

/* Begin XCConfigurationList section */
		F3C1656F1B766A3F00395F6F /* Build configuration list for PBXProject "Pitch Perfect" */ = {
			isa = XCConfigurationList;
			buildConfigurations = (
				F3C165911B766A3F00395F6F /* Debug */,
				F3C165921B766A3F00395F6F /* Release */,
			);
			defaultConfigurationIsVisible = 0;
			defaultConfigurationName = Release;
		};
		F3C165931B766A3F00395F6F /* Build configuration list for PBXNativeTarget "Pitch Perfect" */ = {
			isa = XCConfigurationList;
			buildConfigurations = (
				F3C165941B766A3F00395F6F /* Debug */,
				F3C165951B766A3F00395F6F /* Release */,
			);
			defaultConfigurationIsVisible = 0;
		};
		F3C165961B766A3F00395F6F /* Build configuration list for PBXNativeTarget "Pitch PerfectTests" */ = {
			isa = XCConfigurationList;
			buildConfigurations = (
				F3C165971B766A3F00395F6F /* Debug */,
				F3C165981B766A3F00395F6F /* Release */,
			);
			defaultConfigurationIsVisible = 0;
		};
/* End XCConfigurationList section */
	};
	rootObject = F3C1656C1B766A3F00395F6F /* Project object */;
}
